
Microsoft Visual Studio Solution File, Format Version 12.00
# Visual Studio Version 16
VisualStudioVersion = 16.0.31205.134
MinimumVisualStudioVersion = 10.0.40219.1
Project("{FAE04EC0-301F-11D3-BF4B-00C04F79EFBC}") = "BaseSim2021", "BaseSim2021.csproj", "{26C0CBFB-EACD-4FB6-937A-289F4929FFBF}"
EndProject
Global
	GlobalSection(SolutionConfigurationPlatforms) = preSolution
		Debug|Any CPU = Debug|Any CPU
		Release|Any CPU = Release|Any CPU
	EndGlobalSection
	GlobalSection(ProjectConfigurationPlatforms) = postSolution
		{26C0CBFB-EACD-4FB6-937A-289F4929FFBF}.Debug|Any CPU.ActiveCfg = Debug|Any CPU
		{26C0CBFB-EACD-4FB6-937A-289F4929FFBF}.Debug|Any CPU.Build.0 = Debug|Any CPU
		{26C0CBFB-EACD-4FB6-937A-289F4929FFBF}.Release|Any CPU.ActiveCfg = Release|Any CPU
		{26C0CBFB-EACD-4FB6-937A-289F4929FFBF}.Release|Any CPU.Build.0 = Release|Any CPU
	EndGlobalSection
	GlobalSection(SolutionProperties) = preSolution
		HideSolutionNode = FALSE
	EndGlobalSection
	GlobalSection(ExtensibilityGlobals) = postSolution
		SolutionGuid = {1AE7FD94-5418-4DC4-8654-C7EDACF14940}
	EndGlobalSection
EndGlobal
